{
  "name": "scripts",
  "version": "0.0.510771",
  "lockfileVersion": 2,
  "requires": true,
  "packages": {
    "": {
      "license": "SEE LICENSE IN https://chromium.googlesource.com/chromium/src/+/main/LICENSE",
      "devDependencies": {
        "@types/node": "^9.6.0",
        "just-diff": "^2.1.0",
        "obj-list-diff": "^1.0.0",
        "simple-git": "^1.75.0",
        "ts-node": "^7.0.0",
        "typescript": "3.0.1"
      }
    },
    "node_modules/@types/node": {
      "version": "9.6.0",
      "resolved": "https://registry.yarnpkg.com/@types/node/-/node-9.6.0.tgz",
      "integrity": "sha1-00gO5mbfl4SxABoYcqL2zO+2wtc= sha512-h3YZbOq2+ZoDFI1z8Zx0Ck/xRWkOESVaLdgLdd/c25mMQ1Y2CAkILu9ny5A15S5f32gGcQdaUIZ2jzYr8D7IFg==",
      "dev": true
    },
    "node_modules/arrify": {
      "version": "1.0.1",
      "resolved": "https://registry.yarnpkg.com/arrify/-/arrify-1.0.1.tgz",
      "integrity": "sha1-iYUI2iIm84DfkEcoRWhJwVAaSw0=",
      "dev": true,
      "engines": {
        "node": ">=0.10.0"
      }
    },
    "node_modules/buffer-from": {
      "version": "1.1.1",
      "resolved": "https://registry.yarnpkg.com/buffer-from/-/buffer-from-1.1.1.tgz",
      "integrity": "sha1-MnE7wCj3XAL9txDXx7zsHyxgcO8= sha512-MQcXEUbCKtEo7bhqEs6560Hyd4XaovZlO/k9V3hjVUF/zwW7KBVdSK4gIt/bzwS9MbR5qob+F5jusZsb0YQK2A==",
      "dev": true
    },
    "node_modules/debug": {
      "version": "2.6.9",
      "resolved": "https://registry.yarnpkg.com/debug/-/debug-2.6.9.tgz",
      "integrity": "sha1-XRKFFd8TT/Mn6QpMk/Tgd6U2NB8= sha512-bC7ElrdJaJnPbAP+1EotYvqZsb3ecl5wi6Bfi6BJTUcNowp6cvspg0jXznRTKDjm/E7AdgFBVeAPVMNcKGsHMA==",
      "dev": true,
      "dependencies": {
        "ms": "2.0.0"
      }
    },
    "node_modules/deep-equal": {
      "version": "1.0.1",
      "resolved": "https://registry.yarnpkg.com/deep-equal/-/deep-equal-1.0.1.tgz",
      "integrity": "sha1-9dJgKStmDghO/0zbyfCK0yR0SLU=",
      "dev": true
    },
    "node_modules/diff": {
      "version": "3.5.0",
      "resolved": "https://registry.yarnpkg.com/diff/-/diff-3.5.0.tgz",
      "integrity": "sha1-gAwN0eCov7yVg1wgKtIg/jF+WhI= sha512-A46qtFgd+g7pDZinpnwiRJtxbC1hpgf0uzP3iG89scHk0AUC7A1TGxf5OiiOUv/JMZR8GOt8hL900hV0bOy5xA==",
      "dev": true,
      "engines": {
        "node": ">=0.3.1"
      }
    },
    "node_modules/just-diff": {
      "version": "2.1.0",
      "resolved": "https://registry.yarnpkg.com/just-diff/-/just-diff-2.1.0.tgz",
      "integrity": "sha1-fjVtekyFFgnOUBZZUmMTUergksQ= sha512-ve1C5KVst1XFOLxOyPLsykq0HoGOvVMkEO3s3OdSEsquxA/yHIXE39kEnf0kScO0mj1kztrHn9oiD9gyxdezvQ==",
      "dev": true
    },
    "node_modules/make-error": {
      "version": "1.3.4",
      "resolved": "https://registry.yarnpkg.com/make-error/-/make-error-1.3.4.tgz",
      "integrity": "sha1-GZeO1XX56VRdL/jBPjO10Ypn1TU= sha512-0Dab5btKVPhibSalc9QGXb559ED7G7iLjFXBaj9Wq8O3vorueR5K5jaE3hkG6ZQINyhA/JgG6Qk4qdFQjsYV6g==",
      "dev": true
    },
    "node_modules/minimist": {
      "version": "1.2.0",
      "resolved": "https://registry.yarnpkg.com/minimist/-/minimist-1.2.0.tgz",
      "integrity": "sha1-o1AIsg9BOD7sH7kU9M1d95omQoQ=",
      "dev": true
    },
    "node_modules/mkdirp": {
      "version": "0.5.1",
      "resolved": "https://registry.yarnpkg.com/mkdirp/-/mkdirp-0.5.1.tgz",
      "integrity": "sha1-MAV0OOrGz3+MR2fzhkjWaX11yQM=",
      "deprecated": "Legacy versions of mkdirp are no longer supported. Please update to mkdirp 1.x. (Note that the API surface has changed to use Promises in 1.x.)",
      "dev": true,
      "dependencies": {
        "minimist": "0.0.8"
      },
      "bin": {
        "mkdirp": "bin/cmd.js"
      }
    },
    "node_modules/mkdirp/node_modules/minimist": {
      "version": "0.0.8",
      "resolved": "https://registry.yarnpkg.com/minimist/-/minimist-0.0.8.tgz",
      "integrity": "sha1-hX/Kv8M5fSYluCKCYuhqp6ARsF0=",
      "dev": true
    },
    "node_modules/ms": {
      "version": "2.0.0",
      "resolved": "https://registry.yarnpkg.com/ms/-/ms-2.0.0.tgz",
      "integrity": "sha1-VgiurfwAvmwpAd9fmGF4jeDVl8g=",
      "dev": true
    },
    "node_modules/obj-list-diff": {
      "version": "1.0.0",
      "resolved": "https://registry.yarnpkg.com/obj-list-diff/-/obj-list-diff-1.0.0.tgz",
      "integrity": "sha1-tP21VtB85mXDUzQLN8dwrCoBlOc=",
      "dev": true,
      "dependencies": {
        "deep-equal": "^1.0.1"
      }
    },
    "node_modules/simple-git": {
      "version": "1.77.0",
      "resolved": "https://registry.yarnpkg.com/simple-git/-/simple-git-1.77.0.tgz",
      "integrity": "sha1-UmU3RwuUbl9vk9ED71S0aUlgCTk=",
      "dev": true,
      "dependencies": {
        "debug": "^2.6.7"
      },
      "engines": {
        "node": ">= 0.10.0"
      }
    },
    "node_modules/source-map": {
      "version": "0.6.1",
      "resolved": "https://registry.yarnpkg.com/source-map/-/source-map-0.6.1.tgz",
      "integrity": "sha1-dHIq8y6WFOnCh6jQu95IteLxomM= sha512-UjgapumWlbMhkBgzT7Ykc5YXUT46F0iKu8SGXq0bcwP5dz/h0Plj6enJqjz1Zbq2l5WaqYnrVbwWOWMyF3F47g==",
      "dev": true,
      "engines": {
        "node": ">=0.10.0"
      }
    },
    "node_modules/source-map-support": {
      "version": "0.5.6",
      "resolved": "https://registry.yarnpkg.com/source-map-support/-/source-map-support-0.5.6.tgz",
      "integrity": "sha1-RDXO5Gsaq2K46GEM5g94gJHFHBM= sha512-N4KXEz7jcKqPf2b2vZF11lQIz9W5ZMuUcIOGj243lduidkf2fjkVKJS9vNxVWn3u/uxX38AcE8U9nnH9FPcq+g==",
      "dev": true,
      "dependencies": {
        "buffer-from": "^1.0.0",
        "source-map": "^0.6.0"
      }
    },
    "node_modules/ts-node": {
      "version": "7.0.0",
      "resolved": "https://registry.yarnpkg.com/ts-node/-/ts-node-7.0.0.tgz",
      "integrity": "sha1-qUoTx15eGqa4KBS4TGjeszm6e/8= sha512-klJsfswHP0FuOLsvBZ/zzCfUvakOSSxds78mVeK7I+qP76YWtxf16hEZsp3U+b0kIo82R5UatGFeblYMqabb2Q==",
      "dev": true,
      "dependencies": {
        "arrify": "^1.0.0",
        "buffer-from": "^1.1.0",
        "diff": "^3.1.0",
        "make-error": "^1.1.1",
        "minimist": "^1.2.0",
        "mkdirp": "^0.5.1",
        "source-map-support": "^0.5.6",
        "yn": "^2.0.0"
      },
      "bin": {
        "ts-node": "dist/bin.js"
      },
      "engines": {
        "node": ">=4.2.0"
      }
    },
    "node_modules/typescript": {
      "version": "3.0.1",
      "resolved": "https://registry.yarnpkg.com/typescript/-/typescript-3.0.1.tgz",
      "integrity": "sha1-Q3OPKVhdOodXVSCkuTq2Am7xH9s= sha512-zQIMOmC+372pC/CCVLqnQ0zSBiY7HHodU7mpQdjiZddek4GMj31I3dUJ7gAs9o65X7mnRma6OokOkc6f9jjfBg==",
      "dev": true,
      "bin": {
        "tsc": "bin/tsc",
        "tsserver": "bin/tsserver"
      },
      "engines": {
        "node": ">=4.2.0"
      }
    },
    "node_modules/yn": {
      "version": "2.0.0",
      "resolved": "https://registry.yarnpkg.com/yn/-/yn-2.0.0.tgz",
      "integrity": "sha1-5a2ryKz0CPY4X8dklWhMiOavaJo=",
      "dev": true,
      "engines": {
        "node": ">=4"
      }
    }
  },
  "dependencies": {
    "@types/node": {
      "version": "9.6.0",
      "resolved": "https://registry.yarnpkg.com/@types/node/-/node-9.6.0.tgz",
      "integrity": "sha1-00gO5mbfl4SxABoYcqL2zO+2wtc= sha512-h3YZbOq2+ZoDFI1z8Zx0Ck/xRWkOESVaLdgLdd/c25mMQ1Y2CAkILu9ny5A15S5f32gGcQdaUIZ2jzYr8D7IFg==",
      "dev": true
    },
    "arrify": {
      "version": "1.0.1",
      "resolved": "https://registry.yarnpkg.com/arrify/-/arrify-1.0.1.tgz",
      "integrity": "sha1-iYUI2iIm84DfkEcoRWhJwVAaSw0=",
      "dev": true
    },
    "buffer-from": {
      "version": "1.1.1",
      "resolved": "https://registry.yarnpkg.com/buffer-from/-/buffer-from-1.1.1.tgz",
      "integrity": "sha1-MnE7wCj3XAL9txDXx7zsHyxgcO8= sha512-MQcXEUbCKtEo7bhqEs6560Hyd4XaovZlO/k9V3hjVUF/zwW7KBVdSK4gIt/bzwS9MbR5qob+F5jusZsb0YQK2A==",
      "dev": true
    },
    "debug": {
      "version": "2.6.9",
      "resolved": "https://registry.yarnpkg.com/debug/-/debug-2.6.9.tgz",
      "integrity": "sha1-XRKFFd8TT/Mn6QpMk/Tgd6U2NB8= sha512-bC7ElrdJaJnPbAP+1EotYvqZsb3ecl5wi6Bfi6BJTUcNowp6cvspg0jXznRTKDjm/E7AdgFBVeAPVMNcKGsHMA==",
      "dev": true,
      "requires": {
        "ms": "2.0.0"
      }
    },
    "deep-equal": {
      "version": "1.0.1",
      "resolved": "https://registry.yarnpkg.com/deep-equal/-/deep-equal-1.0.1.tgz",
      "integrity": "sha1-9dJgKStmDghO/0zbyfCK0yR0SLU=",
      "dev": true
    },
    "diff": {
      "version": "3.5.0",
      "resolved": "https://registry.yarnpkg.com/diff/-/diff-3.5.0.tgz",
      "integrity": "sha1-gAwN0eCov7yVg1wgKtIg/jF+WhI= sha512-A46qtFgd+g7pDZinpnwiRJtxbC1hpgf0uzP3iG89scHk0AUC7A1TGxf5OiiOUv/JMZR8GOt8hL900hV0bOy5xA==",
      "dev": true
    },
    "just-diff": {
      "version": "2.1.0",
      "resolved": "https://registry.yarnpkg.com/just-diff/-/just-diff-2.1.0.tgz",
      "integrity": "sha1-fjVtekyFFgnOUBZZUmMTUergksQ= sha512-ve1C5KVst1XFOLxOyPLsykq0HoGOvVMkEO3s3OdSEsquxA/yHIXE39kEnf0kScO0mj1kztrHn9oiD9gyxdezvQ==",
      "dev": true
    },
    "make-error": {
      "version": "1.3.4",
      "resolved": "https://registry.yarnpkg.com/make-error/-/make-error-1.3.4.tgz",
      "integrity": "sha1-GZeO1XX56VRdL/jBPjO10Ypn1TU= sha512-0Dab5btKVPhibSalc9QGXb559ED7G7iLjFXBaj9Wq8O3vorueR5K5jaE3hkG6ZQINyhA/JgG6Qk4qdFQjsYV6g==",
      "dev": true
    },
    "minimist": {
      "version": "1.2.0",
      "resolved": "https://registry.yarnpkg.com/minimist/-/minimist-1.2.0.tgz",
      "integrity": "sha1-o1AIsg9BOD7sH7kU9M1d95omQoQ=",
      "dev": true
    },
    "mkdirp": {
      "version": "0.5.1",
      "resolved": "https://registry.yarnpkg.com/mkdirp/-/mkdirp-0.5.1.tgz",
      "integrity": "sha1-MAV0OOrGz3+MR2fzhkjWaX11yQM=",
      "dev": true,
      "requires": {
        "minimist": "0.0.8"
      },
      "dependencies": {
        "minimist": {
          "version": "0.0.8",
          "resolved": "https://registry.yarnpkg.com/minimist/-/minimist-0.0.8.tgz",
          "integrity": "sha1-hX/Kv8M5fSYluCKCYuhqp6ARsF0=",
          "dev": true
        }
      }
    },
    "ms": {
      "version": "2.0.0",
      "resolved": "https://registry.yarnpkg.com/ms/-/ms-2.0.0.tgz",
      "integrity": "sha1-VgiurfwAvmwpAd9fmGF4jeDVl8g=",
      "dev": true
    },
    "obj-list-diff": {
      "version": "1.0.0",
      "resolved": "https://registry.yarnpkg.com/obj-list-diff/-/obj-list-diff-1.0.0.tgz",
      "integrity": "sha1-tP21VtB85mXDUzQLN8dwrCoBlOc=",
      "dev": true,
      "requires": {
        "deep-equal": "^1.0.1"
      }
    },
    "simple-git": {
      "version": "1.77.0",
      "resolved": "https://registry.yarnpkg.com/simple-git/-/simple-git-1.77.0.tgz",
      "integrity": "sha1-UmU3RwuUbl9vk9ED71S0aUlgCTk=",
      "dev": true,
      "requires": {
        "debug": "^2.6.7"
      }
    },
    "source-map": {
      "version": "0.6.1",
      "resolved": "https://registry.yarnpkg.com/source-map/-/source-map-0.6.1.tgz",
      "integrity": "sha1-dHIq8y6WFOnCh6jQu95IteLxomM= sha512-UjgapumWlbMhkBgzT7Ykc5YXUT46F0iKu8SGXq0bcwP5dz/h0Plj6enJqjz1Zbq2l5WaqYnrVbwWOWMyF3F47g==",
      "dev": true
    },
    "source-map-support": {
      "version": "0.5.6",
      "resolved": "https://registry.yarnpkg.com/source-map-support/-/source-map-support-0.5.6.tgz",
      "integrity": "sha1-RDXO5Gsaq2K46GEM5g94gJHFHBM= sha512-N4KXEz7jcKqPf2b2vZF11lQIz9W5ZMuUcIOGj243lduidkf2fjkVKJS9vNxVWn3u/uxX38AcE8U9nnH9FPcq+g==",
      "dev": true,
      "requires": {
        "buffer-from": "^1.0.0",
        "source-map": "^0.6.0"
      }
    },
    "ts-node": {
      "version": "7.0.0",
      "resolved": "https://registry.yarnpkg.com/ts-node/-/ts-node-7.0.0.tgz",
      "integrity": "sha1-qUoTx15eGqa4KBS4TGjeszm6e/8= sha512-klJsfswHP0FuOLsvBZ/zzCfUvakOSSxds78mVeK7I+qP76YWtxf16hEZsp3U+b0kIo82R5UatGFeblYMqabb2Q==",
      "dev": true,
      "requires": {
        "arrify": "^1.0.0",
        "buffer-from": "^1.1.0",
        "diff": "^3.1.0",
        "make-error": "^1.1.1",
        "minimist": "^1.2.0",
        "mkdirp": "^0.5.1",
        "source-map-support": "^0.5.6",
        "yn": "^2.0.0"
      }
    },
    "typescript": {
      "version": "3.0.1",
      "resolved": "https://registry.yarnpkg.com/typescript/-/typescript-3.0.1.tgz",
      "integrity": "sha1-Q3OPKVhdOodXVSCkuTq2Am7xH9s= sha512-zQIMOmC+372pC/CCVLqnQ0zSBiY7HHodU7mpQdjiZddek4GMj31I3dUJ7gAs9o65X7mnRma6OokOkc6f9jjfBg==",
      "dev": true
    },
    "yn": {
      "version": "2.0.0",
      "resolved": "https://registry.yarnpkg.com/yn/-/yn-2.0.0.tgz",
      "integrity": "sha1-5a2ryKz0CPY4X8dklWhMiOavaJo=",
      "dev": true
    }
  }
}
