# THIS IS AN AUTOGENERATED FILE. DO NOT EDIT THIS FILE DIRECTLY.
# yarn lockfile v1


debug@^2.6.7:
  version "2.6.9"
  resolved "https://registry.yarnpkg.com/debug/-/debug-2.6.9.tgz#5d128515df134ff327e90a4c93f4e077a536341f"
  dependencies:
    ms "2.0.0"

deep-equal@^1.0.1:
  version "1.0.1"
  resolved "https://registry.yarnpkg.com/deep-equal/-/deep-equal-1.0.1.tgz#f5d260292b660e084eff4cdbc9f08ad3247448b5"

ms@2.0.0:
  version "2.0.0"
  resolved "https://registry.yarnpkg.com/ms/-/ms-2.0.0.tgz#5608aeadfc00be6c2901df5f9861788de0d597c8"

obj-list-diff@^1.0.0:
  version "1.0.0"
  resolved "https://registry.yarnpkg.com/obj-list-diff/-/obj-list-diff-1.0.0.tgz#b4fdb556d07ce665c353340b37c770ac2a0194e7"
  dependencies:
    deep-equal "^1.0.1"

simple-git@^1.75.0:
  version "1.77.0"
  resolved "https://registry.yarnpkg.com/simple-git/-/simple-git-1.77.0.tgz#526537470b946e5f6f93d103ef54b46949600939"
  dependencies:
    debug "^2.6.7"
